// !$*UTF8*$!
{
	archiveVersion = 1;
	classes = {
	};
	objectVersion = 46;
	objects = {

/* Begin PBXBuildFile section */
		052C5CA32148E06900A31B24 /* DaiBanViewController.m in Sources */ = {isa = PBXBuildFile; fileRef = 05C572382147D5D100B7068B /* DaiBanViewController.m */; };
		052C5CA42148E46700A31B24 /* CommonModel.m in Sources */ = {isa = PBXBuildFile; fileRef = 05C5722C2147D5D100B7068B /* CommonModel.m */; };
		052C5CA82148FC4600A31B24 /* JHTagCenterViewController.m in Sources */ = {isa = PBXBuildFile; fileRef = 052C5CA72148FC4600A31B24 /* JHTagCenterViewController.m */; };
		052C5CAB21491BFC00A31B24 /* JHTagBaseViewController.m in Sources */ = {isa = PBXBuildFile; fileRef = 052C5CAA21491BFC00A31B24 /* JHTagBaseViewController.m */; };
		052C5CAE2149283B00A31B24 /* JHTagCellModel.m in Sources */ = {isa = PBXBuildFile; fileRef = 052C5CAD2149283B00A31B24 /* JHTagCellModel.m */; };
		052C5CB021492D0300A31B24 /* DaiBanCellModel.m in Sources */ = {isa = PBXBuildFile; fileRef = 05C572302147D5D100B7068B /* DaiBanCellModel.m */; };
		05586FA8214B64B900C951C6 /* JHFilterTagList.m in Sources */ = {isa = PBXBuildFile; fileRef = 05586FA7214B64B900C951C6 /* JHFilterTagList.m */; };
		05586FAC214B64F100C951C6 /* JHTagModel.m in Sources */ = {isa = PBXBuildFile; fileRef = 05586FAB214B64F100C951C6 /* JHTagModel.m */; };
		05586FAF214B6B4F00C951C6 /* UIColor+HexString.m in Sources */ = {isa = PBXBuildFile; fileRef = 05586FAE214B6B4E00C951C6 /* UIColor+HexString.m */; };
		05C572152147D24C00B7068B /* JHGroupItem.m in Sources */ = {isa = PBXBuildFile; fileRef = 05C571F92147D24C00B7068B /* JHGroupItem.m */; };
		05C572162147D24C00B7068B /* JHTagGroupItem.m in Sources */ = {isa = PBXBuildFile; fileRef = 05C571FB2147D24C00B7068B /* JHTagGroupItem.m */; };
		05C572172147D24C00B7068B /* JHTagItem.m in Sources */ = {isa = PBXBuildFile; fileRef = 05C571FD2147D24C00B7068B /* JHTagItem.m */; };
		05C572182147D24C00B7068B /* YZGroupItem.m in Sources */ = {isa = PBXBuildFile; fileRef = 05C571FF2147D24C00B7068B /* YZGroupItem.m */; };
		05C572192147D24C00B7068B /* YZTagGroupItem.m in Sources */ = {isa = PBXBuildFile; fileRef = 05C572012147D24C00B7068B /* YZTagGroupItem.m */; };
		05C5721A2147D24C00B7068B /* YZTagItem.m in Sources */ = {isa = PBXBuildFile; fileRef = 05C572032147D24C00B7068B /* YZTagItem.m */; };
		05C5721B2147D24C00B7068B /* YZGroupHeaderView.m in Sources */ = {isa = PBXBuildFile; fileRef = 05C572062147D24C00B7068B /* YZGroupHeaderView.m */; };
		05C5721C2147D24C00B7068B /* YZGroupHeaderView.xib in Resources */ = {isa = PBXBuildFile; fileRef = 05C572072147D24C00B7068B /* YZGroupHeaderView.xib */; };
		05C5721D2147D24C00B7068B /* YZHobbyCell.m in Sources */ = {isa = PBXBuildFile; fileRef = 05C572092147D24C00B7068B /* YZHobbyCell.m */; };
		05C5721E2147D24C00B7068B /* YZTagCell.m in Sources */ = {isa = PBXBuildFile; fileRef = 05C5720B2147D24C00B7068B /* YZTagCell.m */; };
		05C5721F2147D24C00B7068B /* YZTagCell.xib in Resources */ = {isa = PBXBuildFile; fileRef = 05C5720C2147D24C00B7068B /* YZTagCell.xib */; };
		05C572202147D24C00B7068B /* YZTagGroupCell.m in Sources */ = {isa = PBXBuildFile; fileRef = 05C5720E2147D24C00B7068B /* YZTagGroupCell.m */; };
		05C572212147D24C00B7068B /* YZTagGroupCell.xib in Resources */ = {isa = PBXBuildFile; fileRef = 05C5720F2147D24C00B7068B /* YZTagGroupCell.xib */; };
		05C572222147D24C00B7068B /* YZTagButton.m in Sources */ = {isa = PBXBuildFile; fileRef = 05C572122147D24C00B7068B /* YZTagButton.m */; };
		05C572232147D24C00B7068B /* YZTagList.m in Sources */ = {isa = PBXBuildFile; fileRef = 05C572142147D24C00B7068B /* YZTagList.m */; };
		05C572262147D28100B7068B /* JHTagListView.m in Sources */ = {isa = PBXBuildFile; fileRef = 05C572252147D28100B7068B /* JHTagListView.m */; };
		05C572452147D5D100B7068B /* HistoryRecordViewController.m in Sources */ = {isa = PBXBuildFile; fileRef = 05C572292147D5D100B7068B /* HistoryRecordViewController.m */; };
		05C572502147D5D100B7068B /* DaiBanCellView.m in Sources */ = {isa = PBXBuildFile; fileRef = 05C572422147D5D100B7068B /* DaiBanCellView.m */; };
		05C572512147D5D100B7068B /* FilterPatrolSearchBar.m in Sources */ = {isa = PBXBuildFile; fileRef = 05C572442147D5D100B7068B /* FilterPatrolSearchBar.m */; };
		05C572522147D9FB00B7068B /* ReqFilterStoreModel.m in Sources */ = {isa = PBXBuildFile; fileRef = 05C5722E2147D5D100B7068B /* ReqFilterStoreModel.m */; };
		05DA4818214A3D300042A8F9 /* JHFilterStoreTypeCell.m in Sources */ = {isa = PBXBuildFile; fileRef = 05DA4817214A3D300042A8F9 /* JHFilterStoreTypeCell.m */; };
		05DA481B214A4E7B0042A8F9 /* JHFilterPatrolTimeCell.m in Sources */ = {isa = PBXBuildFile; fileRef = 05DA481A214A4E7B0042A8F9 /* JHFilterPatrolTimeCell.m */; };
		05DA481E214A6EB10042A8F9 /* DateAlertPickerController.m in Sources */ = {isa = PBXBuildFile; fileRef = 05DA481C214A6EB00042A8F9 /* DateAlertPickerController.m */; };
		6003F58E195388D20070C39A /* Foundation.framework in Frameworks */ = {isa = PBXBuildFile; fileRef = 6003F58D195388D20070C39A /* Foundation.framework */; };
		6003F590195388D20070C39A /* CoreGraphics.framework in Frameworks */ = {isa = PBXBuildFile; fileRef = 6003F58F195388D20070C39A /* CoreGraphics.framework */; };
		6003F592195388D20070C39A /* UIKit.framework in Frameworks */ = {isa = PBXBuildFile; fileRef = 6003F591195388D20070C39A /* UIKit.framework */; };
		6003F598195388D20070C39A /* InfoPlist.strings in Resources */ = {isa = PBXBuildFile; fileRef = 6003F596195388D20070C39A /* InfoPlist.strings */; };
		6003F59A195388D20070C39A /* main.m in Sources */ = {isa = PBXBuildFile; fileRef = 6003F599195388D20070C39A /* main.m */; };
		6003F59E195388D20070C39A /* JHAppDelegate.m in Sources */ = {isa = PBXBuildFile; fileRef = 6003F59D195388D20070C39A /* JHAppDelegate.m */; };
		6003F5A7195388D20070C39A /* JHViewController.m in Sources */ = {isa = PBXBuildFile; fileRef = 6003F5A6195388D20070C39A /* JHViewController.m */; };
		6003F5A9195388D20070C39A /* Images.xcassets in Resources */ = {isa = PBXBuildFile; fileRef = 6003F5A8195388D20070C39A /* Images.xcassets */; };
		6003F5B0195388D20070C39A /* XCTest.framework in Frameworks */ = {isa = PBXBuildFile; fileRef = 6003F5AF195388D20070C39A /* XCTest.framework */; };
		6003F5B1195388D20070C39A /* Foundation.framework in Frameworks */ = {isa = PBXBuildFile; fileRef = 6003F58D195388D20070C39A /* Foundation.framework */; };
		6003F5B2195388D20070C39A /* UIKit.framework in Frameworks */ = {isa = PBXBuildFile; fileRef = 6003F591195388D20070C39A /* UIKit.framework */; };
		6003F5BA195388D20070C39A /* InfoPlist.strings in Resources */ = {isa = PBXBuildFile; fileRef = 6003F5B8195388D20070C39A /* InfoPlist.strings */; };
		6003F5BC195388D20070C39A /* Tests.m in Sources */ = {isa = PBXBuildFile; fileRef = 6003F5BB195388D20070C39A /* Tests.m */; };
		71719F9F1E33DC2100824A3D /* LaunchScreen.storyboard in Resources */ = {isa = PBXBuildFile; fileRef = 71719F9D1E33DC2100824A3D /* LaunchScreen.storyboard */; };
		873B8AEB1B1F5CCA007FD442 /* Main.storyboard in Resources */ = {isa = PBXBuildFile; fileRef = 873B8AEA1B1F5CCA007FD442 /* Main.storyboard */; };
		BD0C691B35BAD4AF55AE56DF /* Pods_JHTagListView_Example.framework in Frameworks */ = {isa = PBXBuildFile; fileRef = 1BB8352C8ED419EC04C53651 /* Pods_JHTagListView_Example.framework */; };
		C7C8EFAB1C9EFB8E05E541DE /* Pods_JHTagListView_Tests.framework in Frameworks */ = {isa = PBXBuildFile; fileRef = 6302CB321251A0E9BC896F78 /* Pods_JHTagListView_Tests.framework */; };
/* End PBXBuildFile section */

/* Begin PBXContainerItemProxy section */
		6003F5B3195388D20070C39A /* PBXContainerItemProxy */ = {
			isa = PBXContainerItemProxy;
			containerPortal = 6003F582195388D10070C39A /* Project object */;
			proxyType = 1;
			remoteGlobalIDString = 6003F589195388D20070C39A;
			remoteInfo = JHTagListView;
		};
/* End PBXContainerItemProxy section */

/* Begin PBXFileReference section */
		052C5CA62148FC4600A31B24 /* JHTagCenterViewController.h */ = {isa = PBXFileReference; lastKnownFileType = sourcecode.c.h; path = JHTagCenterViewController.h; sourceTree = "<group>"; };
		052C5CA72148FC4600A31B24 /* JHTagCenterViewController.m */ = {isa = PBXFileReference; lastKnownFileType = sourcecode.c.objc; path = JHTagCenterViewController.m; sourceTree = "<group>"; };
		052C5CA921491BFC00A31B24 /* JHTagBaseViewController.h */ = {isa = PBXFileReference; lastKnownFileType = sourcecode.c.h; path = JHTagBaseViewController.h; sourceTree = "<group>"; };
		052C5CAA21491BFC00A31B24 /* JHTagBaseViewController.m */ = {isa = PBXFileReference; lastKnownFileType = sourcecode.c.objc; path = JHTagBaseViewController.m; sourceTree = "<group>"; };
		052C5CAC2149283B00A31B24 /* JHTagCellModel.h */ = {isa = PBXFileReference; lastKnownFileType = sourcecode.c.h; path = JHTagCellModel.h; sourceTree = "<group>"; };
		052C5CAD2149283B00A31B24 /* JHTagCellModel.m */ = {isa = PBXFileReference; lastKnownFileType = sourcecode.c.objc; path = JHTagCellModel.m; sourceTree = "<group>"; };
		05586FA6214B64B900C951C6 /* JHFilterTagList.h */ = {isa = PBXFileReference; lastKnownFileType = sourcecode.c.h; path = JHFilterTagList.h; sourceTree = "<group>"; };
		05586FA7214B64B900C951C6 /* JHFilterTagList.m */ = {isa = PBXFileReference; lastKnownFileType = sourcecode.c.objc; path = JHFilterTagList.m; sourceTree = "<group>"; };
		05586FAA214B64F100C951C6 /* JHTagModel.h */ = {isa = PBXFileReference; lastKnownFileType = sourcecode.c.h; path = JHTagModel.h; sourceTree = "<group>"; };
		05586FAB214B64F100C951C6 /* JHTagModel.m */ = {isa = PBXFileReference; lastKnownFileType = sourcecode.c.objc; path = JHTagModel.m; sourceTree = "<group>"; };
		05586FAD214B6B4E00C951C6 /* UIColor+HexString.h */ = {isa = PBXFileReference; fileEncoding = 4; lastKnownFileType = sourcecode.c.h; path = "UIColor+HexString.h"; sourceTree = "<group>"; };
		05586FAE214B6B4E00C951C6 /* UIColor+HexString.m */ = {isa = PBXFileReference; fileEncoding = 4; lastKnownFileType = sourcecode.c.objc; path = "UIColor+HexString.m"; sourceTree = "<group>"; };
		05C571F82147D24C00B7068B /* JHGroupItem.h */ = {isa = PBXFileReference; fileEncoding = 4; lastKnownFileType = sourcecode.c.h; path = JHGroupItem.h; sourceTree = "<group>"; };
		05C571F92147D24C00B7068B /* JHGroupItem.m */ = {isa = PBXFileReference; fileEncoding = 4; lastKnownFileType = sourcecode.c.objc; path = JHGroupItem.m; sourceTree = "<group>"; };
		05C571FA2147D24C00B7068B /* JHTagGroupItem.h */ = {isa = PBXFileReference; fileEncoding = 4; lastKnownFileType = sourcecode.c.h; path = JHTagGroupItem.h; sourceTree = "<group>"; };
		05C571FB2147D24C00B7068B /* JHTagGroupItem.m */ = {isa = PBXFileReference; fileEncoding = 4; lastKnownFileType = sourcecode.c.objc; path = JHTagGroupItem.m; sourceTree = "<group>"; };
		05C571FC2147D24C00B7068B /* JHTagItem.h */ = {isa = PBXFileReference; fileEncoding = 4; lastKnownFileType = sourcecode.c.h; path = JHTagItem.h; sourceTree = "<group>"; };
		05C571FD2147D24C00B7068B /* JHTagItem.m */ = {isa = PBXFileReference; fileEncoding = 4; lastKnownFileType = sourcecode.c.objc; path = JHTagItem.m; sourceTree = "<group>"; };
		05C571FE2147D24C00B7068B /* YZGroupItem.h */ = {isa = PBXFileReference; fileEncoding = 4; lastKnownFileType = sourcecode.c.h; path = YZGroupItem.h; sourceTree = "<group>"; };
		05C571FF2147D24C00B7068B /* YZGroupItem.m */ = {isa = PBXFileReference; fileEncoding = 4; lastKnownFileType = sourcecode.c.objc; path = YZGroupItem.m; sourceTree = "<group>"; };
		05C572002147D24C00B7068B /* YZTagGroupItem.h */ = {isa = PBXFileReference; fileEncoding = 4; lastKnownFileType = sourcecode.c.h; path = YZTagGroupItem.h; sourceTree = "<group>"; };
		05C572012147D24C00B7068B /* YZTagGroupItem.m */ = {isa = PBXFileReference; fileEncoding = 4; lastKnownFileType = sourcecode.c.objc; path = YZTagGroupItem.m; sourceTree = "<group>"; };
		05C572022147D24C00B7068B /* YZTagItem.h */ = {isa = PBXFileReference; fileEncoding = 4; lastKnownFileType = sourcecode.c.h; path = YZTagItem.h; sourceTree = "<group>"; };
		05C572032147D24C00B7068B /* YZTagItem.m */ = {isa = PBXFileReference; fileEncoding = 4; lastKnownFileType = sourcecode.c.objc; path = YZTagItem.m; sourceTree = "<group>"; };
		05C572052147D24C00B7068B /* YZGroupHeaderView.h */ = {isa = PBXFileReference; fileEncoding = 4; lastKnownFileType = sourcecode.c.h; path = YZGroupHeaderView.h; sourceTree = "<group>"; };
		05C572062147D24C00B7068B /* YZGroupHeaderView.m */ = {isa = PBXFileReference; fileEncoding = 4; lastKnownFileType = sourcecode.c.objc; path = YZGroupHeaderView.m; sourceTree = "<group>"; };
		05C572072147D24C00B7068B /* YZGroupHeaderView.xib */ = {isa = PBXFileReference; fileEncoding = 4; lastKnownFileType = file.xib; path = YZGroupHeaderView.xib; sourceTree = "<group>"; };
		05C572082147D24C00B7068B /* YZHobbyCell.h */ = {isa = PBXFileReference; fileEncoding = 4; lastKnownFileType = sourcecode.c.h; path = YZHobbyCell.h; sourceTree = "<group>"; };
		05C572092147D24C00B7068B /* YZHobbyCell.m */ = {isa = PBXFileReference; fileEncoding = 4; lastKnownFileType = sourcecode.c.objc; path = YZHobbyCell.m; sourceTree = "<group>"; };
		05C5720A2147D24C00B7068B /* YZTagCell.h */ = {isa = PBXFileReference; fileEncoding = 4; lastKnownFileType = sourcecode.c.h; path = YZTagCell.h; sourceTree = "<group>"; };
		05C5720B2147D24C00B7068B /* YZTagCell.m */ = {isa = PBXFileReference; fileEncoding = 4; lastKnownFileType = sourcecode.c.objc; path = YZTagCell.m; sourceTree = "<group>"; };
		05C5720C2147D24C00B7068B /* YZTagCell.xib */ = {isa = PBXFileReference; fileEncoding = 4; lastKnownFileType = file.xib; path = YZTagCell.xib; sourceTree = "<group>"; };
		05C5720D2147D24C00B7068B /* YZTagGroupCell.h */ = {isa = PBXFileReference; fileEncoding = 4; lastKnownFileType = sourcecode.c.h; path = YZTagGroupCell.h; sourceTree = "<group>"; };
		05C5720E2147D24C00B7068B /* YZTagGroupCell.m */ = {isa = PBXFileReference; fileEncoding = 4; lastKnownFileType = sourcecode.c.objc; path = YZTagGroupCell.m; sourceTree = "<group>"; };
		05C5720F2147D24C00B7068B /* YZTagGroupCell.xib */ = {isa = PBXFileReference; fileEncoding = 4; lastKnownFileType = file.xib; path = YZTagGroupCell.xib; sourceTree = "<group>"; };
		05C572112147D24C00B7068B /* YZTagButton.h */ = {isa = PBXFileReference; fileEncoding = 4; lastKnownFileType = sourcecode.c.h; path = YZTagButton.h; sourceTree = "<group>"; };
		05C572122147D24C00B7068B /* YZTagButton.m */ = {isa = PBXFileReference; fileEncoding = 4; lastKnownFileType = sourcecode.c.objc; path = YZTagButton.m; sourceTree = "<group>"; };
		05C572132147D24C00B7068B /* YZTagList.h */ = {isa = PBXFileReference; fileEncoding = 4; lastKnownFileType = sourcecode.c.h; path = YZTagList.h; sourceTree = "<group>"; };
		05C572142147D24C00B7068B /* YZTagList.m */ = {isa = PBXFileReference; fileEncoding = 4; lastKnownFileType = sourcecode.c.objc; path = YZTagList.m; sourceTree = "<group>"; };
		05C572242147D28100B7068B /* JHTagListView.h */ = {isa = PBXFileReference; lastKnownFileType = sourcecode.c.h; path = JHTagListView.h; sourceTree = "<group>"; };
		05C572252147D28100B7068B /* JHTagListView.m */ = {isa = PBXFileReference; lastKnownFileType = sourcecode.c.objc; path = JHTagListView.m; sourceTree = "<group>"; };
		05C572282147D5D100B7068B /* HistoryRecordViewController.h */ = {isa = PBXFileReference; fileEncoding = 4; lastKnownFileType = sourcecode.c.h; path = HistoryRecordViewController.h; sourceTree = "<group>"; };
		05C572292147D5D100B7068B /* HistoryRecordViewController.m */ = {isa = PBXFileReference; fileEncoding = 4; lastKnownFileType = sourcecode.c.objc; path = HistoryRecordViewController.m; sourceTree = "<group>"; };
		05C5722B2147D5D100B7068B /* CommonModel.h */ = {isa = PBXFileReference; fileEncoding = 4; lastKnownFileType = sourcecode.c.h; path = CommonModel.h; sourceTree = "<group>"; };
		05C5722C2147D5D100B7068B /* CommonModel.m */ = {isa = PBXFileReference; fileEncoding = 4; lastKnownFileType = sourcecode.c.objc; path = CommonModel.m; sourceTree = "<group>"; };
		05C5722D2147D5D100B7068B /* ReqFilterStoreModel.h */ = {isa = PBXFileReference; fileEncoding = 4; lastKnownFileType = sourcecode.c.h; path = ReqFilterStoreModel.h; sourceTree = "<group>"; };
		05C5722E2147D5D100B7068B /* ReqFilterStoreModel.m */ = {isa = PBXFileReference; fileEncoding = 4; lastKnownFileType = sourcecode.c.objc; path = ReqFilterStoreModel.m; sourceTree = "<group>"; };
		05C5722F2147D5D100B7068B /* DaiBanCellModel.h */ = {isa = PBXFileReference; fileEncoding = 4; lastKnownFileType = sourcecode.c.h; path = DaiBanCellModel.h; sourceTree = "<group>"; };
		05C572302147D5D100B7068B /* DaiBanCellModel.m */ = {isa = PBXFileReference; fileEncoding = 4; lastKnownFileType = sourcecode.c.objc; path = DaiBanCellModel.m; sourceTree = "<group>"; };
		05C572312147D5D100B7068B /* StoreAllTypeModel.h */ = {isa = PBXFileReference; fileEncoding = 4; lastKnownFileType = sourcecode.c.h; path = StoreAllTypeModel.h; sourceTree = "<group>"; };
		05C572322147D5D100B7068B /* StoreAllTypeModel.m */ = {isa = PBXFileReference; fileEncoding = 4; lastKnownFileType = sourcecode.c.objc; path = StoreAllTypeModel.m; sourceTree = "<group>"; };
		05C572332147D5D100B7068B /* StoreLocationModel.h */ = {isa = PBXFileReference; fileEncoding = 4; lastKnownFileType = sourcecode.c.h; path = StoreLocationModel.h; sourceTree = "<group>"; };
		05C572342147D5D100B7068B /* StoreLocationModel.m */ = {isa = PBXFileReference; fileEncoding = 4; lastKnownFileType = sourcecode.c.objc; path = StoreLocationModel.m; sourceTree = "<group>"; };
		05C572352147D5D100B7068B /* ReqFilterServer.h */ = {isa = PBXFileReference; fileEncoding = 4; lastKnownFileType = sourcecode.c.h; path = ReqFilterServer.h; sourceTree = "<group>"; };
		05C572362147D5D100B7068B /* ReqFilterServer.m */ = {isa = PBXFileReference; fileEncoding = 4; lastKnownFileType = sourcecode.c.objc; path = ReqFilterServer.m; sourceTree = "<group>"; };
		05C572372147D5D100B7068B /* DaiBanViewController.h */ = {isa = PBXFileReference; fileEncoding = 4; lastKnownFileType = sourcecode.c.h; path = DaiBanViewController.h; sourceTree = "<group>"; };
		05C572382147D5D100B7068B /* DaiBanViewController.m */ = {isa = PBXFileReference; fileEncoding = 4; lastKnownFileType = sourcecode.c.objc; path = DaiBanViewController.m; sourceTree = "<group>"; };
		05C572412147D5D100B7068B /* DaiBanCellView.h */ = {isa = PBXFileReference; fileEncoding = 4; lastKnownFileType = sourcecode.c.h; path = DaiBanCellView.h; sourceTree = "<group>"; };
		05C572422147D5D100B7068B /* DaiBanCellView.m */ = {isa = PBXFileReference; fileEncoding = 4; lastKnownFileType = sourcecode.c.objc; path = DaiBanCellView.m; sourceTree = "<group>"; };
		05C572432147D5D100B7068B /* FilterPatrolSearchBar.h */ = {isa = PBXFileReference; fileEncoding = 4; lastKnownFileType = sourcecode.c.h; path = FilterPatrolSearchBar.h; sourceTree = "<group>"; };
		05C572442147D5D100B7068B /* FilterPatrolSearchBar.m */ = {isa = PBXFileReference; fileEncoding = 4; lastKnownFileType = sourcecode.c.objc; path = FilterPatrolSearchBar.m; sourceTree = "<group>"; };
		05DA4816214A3D300042A8F9 /* JHFilterStoreTypeCell.h */ = {isa = PBXFileReference; lastKnownFileType = sourcecode.c.h; path = JHFilterStoreTypeCell.h; sourceTree = "<group>"; };
		05DA4817214A3D300042A8F9 /* JHFilterStoreTypeCell.m */ = {isa = PBXFileReference; lastKnownFileType = sourcecode.c.objc; path = JHFilterStoreTypeCell.m; sourceTree = "<group>"; };
		05DA4819214A4E7B0042A8F9 /* JHFilterPatrolTimeCell.h */ = {isa = PBXFileReference; lastKnownFileType = sourcecode.c.h; path = JHFilterPatrolTimeCell.h; sourceTree = "<group>"; };
		05DA481A214A4E7B0042A8F9 /* JHFilterPatrolTimeCell.m */ = {isa = PBXFileReference; lastKnownFileType = sourcecode.c.objc; path = JHFilterPatrolTimeCell.m; sourceTree = "<group>"; };
		05DA481C214A6EB00042A8F9 /* DateAlertPickerController.m */ = {isa = PBXFileReference; fileEncoding = 4; lastKnownFileType = sourcecode.c.objc; path = DateAlertPickerController.m; sourceTree = "<group>"; };
		05DA481D214A6EB00042A8F9 /* DateAlertPickerController.h */ = {isa = PBXFileReference; fileEncoding = 4; lastKnownFileType = sourcecode.c.h; path = DateAlertPickerController.h; sourceTree = "<group>"; };
		1BB8352C8ED419EC04C53651 /* Pods_JHTagListView_Example.framework */ = {isa = PBXFileReference; explicitFileType = wrapper.framework; includeInIndex = 0; path = Pods_JHTagListView_Example.framework; sourceTree = BUILT_PRODUCTS_DIR; };
		6003F58A195388D20070C39A /* JHTagListView_Example.app */ = {isa = PBXFileReference; explicitFileType = wrapper.application; includeInIndex = 0; path = JHTagListView_Example.app; sourceTree = BUILT_PRODUCTS_DIR; };
		6003F58D195388D20070C39A /* Foundation.framework */ = {isa = PBXFileReference; lastKnownFileType = wrapper.framework; name = Foundation.framework; path = System/Library/Frameworks/Foundation.framework; sourceTree = SDKROOT; };
		6003F58F195388D20070C39A /* CoreGraphics.framework */ = {isa = PBXFileReference; lastKnownFileType = wrapper.framework; name = CoreGraphics.framework; path = System/Library/Frameworks/CoreGraphics.framework; sourceTree = SDKROOT; };
		6003F591195388D20070C39A /* UIKit.framework */ = {isa = PBXFileReference; lastKnownFileType = wrapper.framework; name = UIKit.framework; path = System/Library/Frameworks/UIKit.framework; sourceTree = SDKROOT; };
		6003F595195388D20070C39A /* JHTagListView-Info.plist */ = {isa = PBXFileReference; lastKnownFileType = text.plist.xml; path = "JHTagListView-Info.plist"; sourceTree = "<group>"; };
		6003F597195388D20070C39A /* en */ = {isa = PBXFileReference; lastKnownFileType = text.plist.strings; name = en; path = en.lproj/InfoPlist.strings; sourceTree = "<group>"; };
		6003F599195388D20070C39A /* main.m */ = {isa = PBXFileReference; lastKnownFileType = sourcecode.c.objc; path = main.m; sourceTree = "<group>"; };
		6003F59B195388D20070C39A /* JHTagListView-Prefix.pch */ = {isa = PBXFileReference; lastKnownFileType = sourcecode.c.h; path = "JHTagListView-Prefix.pch"; sourceTree = "<group>"; };
		6003F59C195388D20070C39A /* JHAppDelegate.h */ = {isa = PBXFileReference; lastKnownFileType = sourcecode.c.h; path = JHAppDelegate.h; sourceTree = "<group>"; };
		6003F59D195388D20070C39A /* JHAppDelegate.m */ = {isa = PBXFileReference; lastKnownFileType = sourcecode.c.objc; path = JHAppDelegate.m; sourceTree = "<group>"; };
		6003F5A5195388D20070C39A /* JHViewController.h */ = {isa = PBXFileReference; lastKnownFileType = sourcecode.c.h; path = JHViewController.h; sourceTree = "<group>"; };
		6003F5A6195388D20070C39A /* JHViewController.m */ = {isa = PBXFileReference; lastKnownFileType = sourcecode.c.objc; path = JHViewController.m; sourceTree = "<group>"; };
		6003F5A8195388D20070C39A /* Images.xcassets */ = {isa = PBXFileReference; lastKnownFileType = folder.assetcatalog; path = Images.xcassets; sourceTree = "<group>"; };
		6003F5AE195388D20070C39A /* JHTagListView_Tests.xctest */ = {isa = PBXFileReference; explicitFileType = wrapper.cfbundle; includeInIndex = 0; path = JHTagListView_Tests.xctest; sourceTree = BUILT_PRODUCTS_DIR; };
		6003F5AF195388D20070C39A /* XCTest.framework */ = {isa = PBXFileReference; lastKnownFileType = wrapper.framework; name = XCTest.framework; path = Library/Frameworks/XCTest.framework; sourceTree = DEVELOPER_DIR; };
		6003F5B7195388D20070C39A /* Tests-Info.plist */ = {isa = PBXFileReference; lastKnownFileType = text.plist.xml; path = "Tests-Info.plist"; sourceTree = "<group>"; };
		6003F5B9195388D20070C39A /* en */ = {isa = PBXFileReference; lastKnownFileType = text.plist.strings; name = en; path = en.lproj/InfoPlist.strings; sourceTree = "<group>"; };
		6003F5BB195388D20070C39A /* Tests.m */ = {isa = PBXFileReference; lastKnownFileType = sourcecode.c.objc; path = Tests.m; sourceTree = "<group>"; };
		606FC2411953D9B200FFA9A0 /* Tests-Prefix.pch */ = {isa = PBXFileReference; lastKnownFileType = sourcecode.c.h; path = "Tests-Prefix.pch"; sourceTree = "<group>"; };
		6302CB321251A0E9BC896F78 /* Pods_JHTagListView_Tests.framework */ = {isa = PBXFileReference; explicitFileType = wrapper.framework; includeInIndex = 0; path = Pods_JHTagListView_Tests.framework; sourceTree = BUILT_PRODUCTS_DIR; };
		634E07586A3D0969D82D5291 /* Pods-JHTagListView_Tests.release.xcconfig */ = {isa = PBXFileReference; includeInIndex = 1; lastKnownFileType = text.xcconfig; name = "Pods-JHTagListView_Tests.release.xcconfig"; path = "Pods/Target Support Files/Pods-JHTagListView_Tests/Pods-JHTagListView_Tests.release.xcconfig"; sourceTree = "<group>"; };
		69E5B0DE1864A23F94F84C91 /* Pods-JHTagListView_Example.release.xcconfig */ = {isa = PBXFileReference; includeInIndex = 1; lastKnownFileType = text.xcconfig; name = "Pods-JHTagListView_Example.release.xcconfig"; path = "Pods/Target Support Files/Pods-JHTagListView_Example/Pods-JHTagListView_Example.release.xcconfig"; sourceTree = "<group>"; };
		71719F9E1E33DC2100824A3D /* Base */ = {isa = PBXFileReference; lastKnownFileType = file.storyboard; name = Base; path = Base.lproj/LaunchScreen.storyboard; sourceTree = "<group>"; };
		873B8AEA1B1F5CCA007FD442 /* Main.storyboard */ = {isa = PBXFileReference; fileEncoding = 4; lastKnownFileType = file.storyboard; name = Main.storyboard; path = Base.lproj/Main.storyboard; sourceTree = "<group>"; };
		91A660EC913EFFF41FFCF3FF /* LICENSE */ = {isa = PBXFileReference; includeInIndex = 1; lastKnownFileType = text; name = LICENSE; path = ../LICENSE; sourceTree = "<group>"; };
		A4A735C18F608F1ACB2C826E /* README.md */ = {isa = PBXFileReference; includeInIndex = 1; lastKnownFileType = net.daringfireball.markdown; name = README.md; path = ../README.md; sourceTree = "<group>"; };
		BD4F88A739C03DB5B58CEFCA /* Pods-JHTagListView_Tests.debug.xcconfig */ = {isa = PBXFileReference; includeInIndex = 1; lastKnownFileType = text.xcconfig; name = "Pods-JHTagListView_Tests.debug.xcconfig"; path = "Pods/Target Support Files/Pods-JHTagListView_Tests/Pods-JHTagListView_Tests.debug.xcconfig"; sourceTree = "<group>"; };
		CFB340787627F5AD27117B6E /* JHTagListView.podspec */ = {isa = PBXFileReference; includeInIndex = 1; lastKnownFileType = text; name = JHTagListView.podspec; path = ../JHTagListView.podspec; sourceTree = "<group>"; xcLanguageSpecificationIdentifier = xcode.lang.ruby; };
		EE09CCC4EADF619BE4CE2DF1 /* Pods-JHTagListView_Example.debug.xcconfig */ = {isa = PBXFileReference; includeInIndex = 1; lastKnownFileType = text.xcconfig; name = "Pods-JHTagListView_Example.debug.xcconfig"; path = "Pods/Target Support Files/Pods-JHTagListView_Example/Pods-JHTagListView_Example.debug.xcconfig"; sourceTree = "<group>"; };
/* End PBXFileReference section */

/* Begin PBXFrameworksBuildPhase section */
		6003F587195388D20070C39A /* Frameworks */ = {
			isa = PBXFrameworksBuildPhase;
			buildActionMask = 2147483647;
			files = (
				6003F590195388D20070C39A /* CoreGraphics.framework in Frameworks */,
				6003F592195388D20070C39A /* UIKit.framework in Frameworks */,
				6003F58E195388D20070C39A /* Foundation.framework in Frameworks */,
				BD0C691B35BAD4AF55AE56DF /* Pods_JHTagListView_Example.framework in Frameworks */,
			);
			runOnlyForDeploymentPostprocessing = 0;
		};
		6003F5AB195388D20070C39A /* Frameworks */ = {
			isa = PBXFrameworksBuildPhase;
			buildActionMask = 2147483647;
			files = (
				6003F5B0195388D20070C39A /* XCTest.framework in Frameworks */,
				6003F5B2195388D20070C39A /* UIKit.framework in Frameworks */,
				6003F5B1195388D20070C39A /* Foundation.framework in Frameworks */,
				C7C8EFAB1C9EFB8E05E541DE /* Pods_JHTagListView_Tests.framework in Frameworks */,
			);
			runOnlyForDeploymentPostprocessing = 0;
		};
/* End PBXFrameworksBuildPhase section */

/* Begin PBXGroup section */
		052C5CA52148FC1200A31B24 /* tagCenter */ = {
			isa = PBXGroup;
			children = (
				052C5CAF214929FC00A31B24 /* DaiBan */,
				052C5CA62148FC4600A31B24 /* JHTagCenterViewController.h */,
				052C5CA72148FC4600A31B24 /* JHTagCenterViewController.m */,
				052C5CA921491BFC00A31B24 /* JHTagBaseViewController.h */,
				052C5CAA21491BFC00A31B24 /* JHTagBaseViewController.m */,
			);
			path = tagCenter;
			sourceTree = "<group>";
		};
		052C5CAF214929FC00A31B24 /* DaiBan */ = {
			isa = PBXGroup;
			children = (
				052C5CAC2149283B00A31B24 /* JHTagCellModel.h */,
				052C5CAD2149283B00A31B24 /* JHTagCellModel.m */,
				05C5722F2147D5D100B7068B /* DaiBanCellModel.h */,
				05C572302147D5D100B7068B /* DaiBanCellModel.m */,
				05C572412147D5D100B7068B /* DaiBanCellView.h */,
				05C572422147D5D100B7068B /* DaiBanCellView.m */,
			);
			path = DaiBan;
			sourceTree = "<group>";
		};
		05586FA9214B64CB00C951C6 /* TagListView */ = {
			isa = PBXGroup;
			children = (
				05586FA6214B64B900C951C6 /* JHFilterTagList.h */,
				05586FA7214B64B900C951C6 /* JHFilterTagList.m */,
				05586FAA214B64F100C951C6 /* JHTagModel.h */,
				05586FAB214B64F100C951C6 /* JHTagModel.m */,
			);
			path = TagListView;
			sourceTree = "<group>";
		};
		05C571ED2147D0FF00B7068B /* JHTagListView */ = {
			isa = PBXGroup;
			children = (
				05C571EE2147D0FF00B7068B /* Assets */,
				05C571F02147D0FF00B7068B /* Classes */,
			);
			name = JHTagListView;
			path = ../JHTagListView;
			sourceTree = "<group>";
		};
		05C571EE2147D0FF00B7068B /* Assets */ = {
			isa = PBXGroup;
			children = (
			);
			path = Assets;
			sourceTree = "<group>";
		};
		05C571F02147D0FF00B7068B /* Classes */ = {
			isa = PBXGroup;
			children = (
				052C5CA52148FC1200A31B24 /* tagCenter */,
				05C572272147D5D100B7068B /* FilterShops */,
				05C571F62147D24C00B7068B /* SelectTag */,
			);
			path = Classes;
			sourceTree = "<group>";
		};
		05C571F62147D24C00B7068B /* SelectTag */ = {
			isa = PBXGroup;
			children = (
				05C571F72147D24C00B7068B /* Model */,
				05C572042147D24C00B7068B /* View */,
				05C572102147D24C00B7068B /* YZTagList */,
			);
			path = SelectTag;
			sourceTree = "<group>";
		};
		05C571F72147D24C00B7068B /* Model */ = {
			isa = PBXGroup;
			children = (
				05C571F82147D24C00B7068B /* JHGroupItem.h */,
				05C571F92147D24C00B7068B /* JHGroupItem.m */,
				05C571FA2147D24C00B7068B /* JHTagGroupItem.h */,
				05C571FB2147D24C00B7068B /* JHTagGroupItem.m */,
				05C571FC2147D24C00B7068B /* JHTagItem.h */,
				05C571FD2147D24C00B7068B /* JHTagItem.m */,
				05C571FE2147D24C00B7068B /* YZGroupItem.h */,
				05C571FF2147D24C00B7068B /* YZGroupItem.m */,
				05C572002147D24C00B7068B /* YZTagGroupItem.h */,
				05C572012147D24C00B7068B /* YZTagGroupItem.m */,
				05C572022147D24C00B7068B /* YZTagItem.h */,
				05C572032147D24C00B7068B /* YZTagItem.m */,
			);
			path = Model;
			sourceTree = "<group>";
		};
		05C572042147D24C00B7068B /* View */ = {
			isa = PBXGroup;
			children = (
				05C572052147D24C00B7068B /* YZGroupHeaderView.h */,
				05C572062147D24C00B7068B /* YZGroupHeaderView.m */,
				05C572072147D24C00B7068B /* YZGroupHeaderView.xib */,
				05C572082147D24C00B7068B /* YZHobbyCell.h */,
				05C572092147D24C00B7068B /* YZHobbyCell.m */,
				05C5720A2147D24C00B7068B /* YZTagCell.h */,
				05C5720B2147D24C00B7068B /* YZTagCell.m */,
				05C5720C2147D24C00B7068B /* YZTagCell.xib */,
				05C5720D2147D24C00B7068B /* YZTagGroupCell.h */,
				05C5720E2147D24C00B7068B /* YZTagGroupCell.m */,
				05C5720F2147D24C00B7068B /* YZTagGroupCell.xib */,
			);
			path = View;
			sourceTree = "<group>";
		};
		05C572102147D24C00B7068B /* YZTagList */ = {
			isa = PBXGroup;
			children = (
				05C572112147D24C00B7068B /* YZTagButton.h */,
				05C572122147D24C00B7068B /* YZTagButton.m */,
				05C572132147D24C00B7068B /* YZTagList.h */,
				05C572142147D24C00B7068B /* YZTagList.m */,
			);
			path = YZTagList;
			sourceTree = "<group>";
		};
		05C572272147D5D100B7068B /* FilterShops */ = {
			isa = PBXGroup;
			children = (
				05C572242147D28100B7068B /* JHTagListView.h */,
				05C572252147D28100B7068B /* JHTagListView.m */,
				05C5723A2147D5D100B7068B /* View */,
				05C572352147D5D100B7068B /* ReqFilterServer.h */,
				05C572362147D5D100B7068B /* ReqFilterServer.m */,
				05C572372147D5D100B7068B /* DaiBanViewController.h */,
				05C572382147D5D100B7068B /* DaiBanViewController.m */,
				05C572282147D5D100B7068B /* HistoryRecordViewController.h */,
				05C572292147D5D100B7068B /* HistoryRecordViewController.m */,
				05C5722A2147D5D100B7068B /* Model */,
			);
			path = FilterShops;
			sourceTree = "<group>";
		};
		05C5722A2147D5D100B7068B /* Model */ = {
			isa = PBXGroup;
			children = (
				05C5722B2147D5D100B7068B /* CommonModel.h */,
				05C5722C2147D5D100B7068B /* CommonModel.m */,
				05C5722D2147D5D100B7068B /* ReqFilterStoreModel.h */,
				05C5722E2147D5D100B7068B /* ReqFilterStoreModel.m */,
				05C572312147D5D100B7068B /* StoreAllTypeModel.h */,
				05C572322147D5D100B7068B /* StoreAllTypeModel.m */,
				05C572332147D5D100B7068B /* StoreLocationModel.h */,
				05C572342147D5D100B7068B /* StoreLocationModel.m */,
			);
			path = Model;
			sourceTree = "<group>";
		};
		05C5723A2147D5D100B7068B /* View */ = {
			isa = PBXGroup;
			children = (
				05586FAD214B6B4E00C951C6 /* UIColor+HexString.h */,
				05586FAE214B6B4E00C951C6 /* UIColor+HexString.m */,
				05586FA9214B64CB00C951C6 /* TagListView */,
				05C572432147D5D100B7068B /* FilterPatrolSearchBar.h */,
				05C572442147D5D100B7068B /* FilterPatrolSearchBar.m */,
				05DA4816214A3D300042A8F9 /* JHFilterStoreTypeCell.h */,
				05DA4817214A3D300042A8F9 /* JHFilterStoreTypeCell.m */,
				05DA4819214A4E7B0042A8F9 /* JHFilterPatrolTimeCell.h */,
				05DA481A214A4E7B0042A8F9 /* JHFilterPatrolTimeCell.m */,
				05DA481D214A6EB00042A8F9 /* DateAlertPickerController.h */,
				05DA481C214A6EB00042A8F9 /* DateAlertPickerController.m */,
			);
			path = View;
			sourceTree = "<group>";
		};
		06B070B3D9502887143A239F /* Pods */ = {
			isa = PBXGroup;
			children = (
				EE09CCC4EADF619BE4CE2DF1 /* Pods-JHTagListView_Example.debug.xcconfig */,
				69E5B0DE1864A23F94F84C91 /* Pods-JHTagListView_Example.release.xcconfig */,
				BD4F88A739C03DB5B58CEFCA /* Pods-JHTagListView_Tests.debug.xcconfig */,
				634E07586A3D0969D82D5291 /* Pods-JHTagListView_Tests.release.xcconfig */,
			);
			name = Pods;
			sourceTree = "<group>";
		};
		6003F581195388D10070C39A = {
			isa = PBXGroup;
			children = (
				05C571ED2147D0FF00B7068B /* JHTagListView */,
				60FF7A9C1954A5C5007DD14C /* Podspec Metadata */,
				6003F593195388D20070C39A /* Example for JHTagListView */,
				6003F5B5195388D20070C39A /* Tests */,
				6003F58C195388D20070C39A /* Frameworks */,
				6003F58B195388D20070C39A /* Products */,
				06B070B3D9502887143A239F /* Pods */,
			);
			sourceTree = "<group>";
		};
		6003F58B195388D20070C39A /* Products */ = {
			isa = PBXGroup;
			children = (
				6003F58A195388D20070C39A /* JHTagListView_Example.app */,
				6003F5AE195388D20070C39A /* JHTagListView_Tests.xctest */,
			);
			name = Products;
			sourceTree = "<group>";
		};
		6003F58C195388D20070C39A /* Frameworks */ = {
			isa = PBXGroup;
			children = (
				6003F58D195388D20070C39A /* Foundation.framework */,
				6003F58F195388D20070C39A /* CoreGraphics.framework */,
				6003F591195388D20070C39A /* UIKit.framework */,
				6003F5AF195388D20070C39A /* XCTest.framework */,
				1BB8352C8ED419EC04C53651 /* Pods_JHTagListView_Example.framework */,
				6302CB321251A0E9BC896F78 /* Pods_JHTagListView_Tests.framework */,
			);
			name = Frameworks;
			sourceTree = "<group>";
		};
		6003F593195388D20070C39A /* Example for JHTagListView */ = {
			isa = PBXGroup;
			children = (
				6003F59C195388D20070C39A /* JHAppDelegate.h */,
				6003F59D195388D20070C39A /* JHAppDelegate.m */,
				873B8AEA1B1F5CCA007FD442 /* Main.storyboard */,
				6003F5A5195388D20070C39A /* JHViewController.h */,
				6003F5A6195388D20070C39A /* JHViewController.m */,
				71719F9D1E33DC2100824A3D /* LaunchScreen.storyboard */,
				6003F5A8195388D20070C39A /* Images.xcassets */,
				6003F594195388D20070C39A /* Supporting Files */,
			);
			name = "Example for JHTagListView";
			path = JHTagListView;
			sourceTree = "<group>";
		};
		6003F594195388D20070C39A /* Supporting Files */ = {
			isa = PBXGroup;
			children = (
				6003F595195388D20070C39A /* JHTagListView-Info.plist */,
				6003F596195388D20070C39A /* InfoPlist.strings */,
				6003F599195388D20070C39A /* main.m */,
				6003F59B195388D20070C39A /* JHTagListView-Prefix.pch */,
			);
			name = "Supporting Files";
			sourceTree = "<group>";
		};
		6003F5B5195388D20070C39A /* Tests */ = {
			isa = PBXGroup;
			children = (
				6003F5BB195388D20070C39A /* Tests.m */,
				6003F5B6195388D20070C39A /* Supporting Files */,
			);
			path = Tests;
			sourceTree = "<group>";
		};
		6003F5B6195388D20070C39A /* Supporting Files */ = {
			isa = PBXGroup;
			children = (
				6003F5B7195388D20070C39A /* Tests-Info.plist */,
				6003F5B8195388D20070C39A /* InfoPlist.strings */,
				606FC2411953D9B200FFA9A0 /* Tests-Prefix.pch */,
			);
			name = "Supporting Files";
			sourceTree = "<group>";
		};
		60FF7A9C1954A5C5007DD14C /* Podspec Metadata */ = {
			isa = PBXGroup;
			children = (
				CFB340787627F5AD27117B6E /* JHTagListView.podspec */,
				A4A735C18F608F1ACB2C826E /* README.md */,
				91A660EC913EFFF41FFCF3FF /* LICENSE */,
			);
			name = "Podspec Metadata";
			sourceTree = "<group>";
		};
/* End PBXGroup section */

/* Begin PBXNativeTarget section */
		6003F589195388D20070C39A /* JHTagListView_Example */ = {
			isa = PBXNativeTarget;
			buildConfigurationList = 6003F5BF195388D20070C39A /* Build configuration list for PBXNativeTarget "JHTagListView_Example" */;
			buildPhases = (
				FC665356C00A38A9CB987A69 /* [CP] Check Pods Manifest.lock */,
				6003F586195388D20070C39A /* Sources */,
				6003F587195388D20070C39A /* Frameworks */,
				6003F588195388D20070C39A /* Resources */,
				02487C109073C58E6CB6AFA7 /* [CP] Embed Pods Frameworks */,
			);
			buildRules = (
			);
			dependencies = (
			);
			name = JHTagListView_Example;
			productName = JHTagListView;
			productReference = 6003F58A195388D20070C39A /* JHTagListView_Example.app */;
			productType = "com.apple.product-type.application";
		};
		6003F5AD195388D20070C39A /* JHTagListView_Tests */ = {
			isa = PBXNativeTarget;
			buildConfigurationList = 6003F5C2195388D20070C39A /* Build configuration list for PBXNativeTarget "JHTagListView_Tests" */;
			buildPhases = (
				633D4B45A0A7416696ABDA3F /* [CP] Check Pods Manifest.lock */,
				6003F5AA195388D20070C39A /* Sources */,
				6003F5AB195388D20070C39A /* Frameworks */,
				6003F5AC195388D20070C39A /* Resources */,
				35D4866591DD8DDD5284CA3D /* [CP] Embed Pods Frameworks */,
			);
			buildRules = (
			);
			dependencies = (
				6003F5B4195388D20070C39A /* PBXTargetDependency */,
			);
			name = JHTagListView_Tests;
			productName = JHTagListViewTests;
			productReference = 6003F5AE195388D20070C39A /* JHTagListView_Tests.xctest */;
			productType = "com.apple.product-type.bundle.unit-test";
		};
/* End PBXNativeTarget section */

/* Begin PBXProject section */
		6003F582195388D10070C39A /* Project object */ = {
			isa = PBXProject;
			attributes = {
				CLASSPREFIX = JH;
				LastUpgradeCheck = 0720;
				ORGANIZATIONNAME = "huo3203@hotmail.com";
				TargetAttributes = {
					6003F589195388D20070C39A = {
						DevelopmentTeam = 9CA5KUE8T7;
					};
					6003F5AD195388D20070C39A = {
						TestTargetID = 6003F589195388D20070C39A;
					};
				};
			};
			buildConfigurationList = 6003F585195388D10070C39A /* Build configuration list for PBXProject "JHTagListView" */;
			compatibilityVersion = "Xcode 3.2";
			developmentRegion = English;
			hasScannedForEncodings = 0;
			knownRegions = (
				en,
				Base,
			);
			mainGroup = 6003F581195388D10070C39A;
			productRefGroup = 6003F58B195388D20070C39A /* Products */;
			projectDirPath = "";
			projectRoot = "";
			targets = (
				6003F589195388D20070C39A /* JHTagListView_Example */,
				6003F5AD195388D20070C39A /* JHTagListView_Tests */,
			);
		};
/* End PBXProject section */

/* Begin PBXResourcesBuildPhase section */
		6003F588195388D20070C39A /* Resources */ = {
			isa = PBXResourcesBuildPhase;
			buildActionMask = 2147483647;
			files = (
				05C572212147D24C00B7068B /* YZTagGroupCell.xib in Resources */,
				873B8AEB1B1F5CCA007FD442 /* Main.storyboard in Resources */,
				71719F9F1E33DC2100824A3D /* LaunchScreen.storyboard in Resources */,
				05C5721C2147D24C00B7068B /* YZGroupHeaderView.xib in Resources */,
				05C5721F2147D24C00B7068B /* YZTagCell.xib in Resources */,
				6003F5A9195388D20070C39A /* Images.xcassets in Resources */,
				6003F598195388D20070C39A /* InfoPlist.strings in Resources */,
			);
			runOnlyForDeploymentPostprocessing = 0;
		};
		6003F5AC195388D20070C39A /* Resources */ = {
			isa = PBXResourcesBuildPhase;
			buildActionMask = 2147483647;
			files = (
				6003F5BA195388D20070C39A /* InfoPlist.strings in Resources */,
			);
			runOnlyForDeploymentPostprocessing = 0;
		};
/* End PBXResourcesBuildPhase section */

/* Begin PBXShellScriptBuildPhase section */
		02487C109073C58E6CB6AFA7 /* [CP] Embed Pods Frameworks */ = {
			isa = PBXShellScriptBuildPhase;
			buildActionMask = 2147483647;
			files = (
			);
			inputPaths = (
				"${SRCROOT}/Pods/Target Support Files/Pods-JHTagListView_Example/Pods-JHTagListView_Example-frameworks.sh",
				"${BUILT_PRODUCTS_DIR}/MJRefresh/MJRefresh.framework",
			);
			name = "[CP] Embed Pods Frameworks";
			outputPaths = (
				"${TARGET_BUILD_DIR}/${FRAMEWORKS_FOLDER_PATH}/MJRefresh.framework",
			);
			runOnlyForDeploymentPostprocessing = 0;
			shellPath = /bin/sh;
			shellScript = "\"${SRCROOT}/Pods/Target Support Files/Pods-JHTagListView_Example/Pods-JHTagListView_Example-frameworks.sh\"\n";
			showEnvVarsInLog = 0;
		};
		35D4866591DD8DDD5284CA3D /* [CP] Embed Pods Frameworks */ = {
			isa = PBXShellScriptBuildPhase;
			buildActionMask = 2147483647;
			files = (
			);
			inputPaths = (
				"${SRCROOT}/Pods/Target Support Files/Pods-JHTagListView_Tests/Pods-JHTagListView_Tests-frameworks.sh",
				"${BUILT_PRODUCTS_DIR}/Expecta/Expecta.framework",
				"${BUILT_PRODUCTS_DIR}/Expecta+Snapshots/Expecta_Snapshots.framework",
				"${BUILT_PRODUCTS_DIR}/FBSnapshotTestCase/FBSnapshotTestCase.framework",
				"${BUILT_PRODUCTS_DIR}/Specta/Specta.framework",
			);
			name = "[CP] Embed Pods Frameworks";
			outputPaths = (
				"${TARGET_BUILD_DIR}/${FRAMEWORKS_FOLDER_PATH}/Expecta.framework",
				"${TARGET_BUILD_DIR}/${FRAMEWORKS_FOLDER_PATH}/Expecta_Snapshots.framework",
				"${TARGET_BUILD_DIR}/${FRAMEWORKS_FOLDER_PATH}/FBSnapshotTestCase.framework",
				"${TARGET_BUILD_DIR}/${FRAMEWORKS_FOLDER_PATH}/Specta.framework",
			);
			runOnlyForDeploymentPostprocessing = 0;
			shellPath = /bin/sh;
			shellScript = "\"${SRCROOT}/Pods/Target Support Files/Pods-JHTagListView_Tests/Pods-JHTagListView_Tests-frameworks.sh\"\n";
			showEnvVarsInLog = 0;
		};
		633D4B45A0A7416696ABDA3F /* [CP] Check Pods Manifest.lock */ = {
			isa = PBXShellScriptBuildPhase;
			buildActionMask = 2147483647;
			files = (
			);
			inputPaths = (
				"${PODS_PODFILE_DIR_PATH}/Podfile.lock",
				"${PODS_ROOT}/Manifest.lock",
			);
			name = "[CP] Check Pods Manifest.lock";
			outputPaths = (
				"$(DERIVED_FILE_DIR)/Pods-JHTagListView_Tests-checkManifestLockResult.txt",
			);
			runOnlyForDeploymentPostprocessing = 0;
			shellPath = /bin/sh;
			shellScript = "diff \"${PODS_PODFILE_DIR_PATH}/Podfile.lock\" \"${PODS_ROOT}/Manifest.lock\" > /dev/null\nif [ $? != 0 ] ; then\n    # print error to STDERR\n    echo \"error: The sandbox is not in sync with the Podfile.lock. Run 'pod install' or update your CocoaPods installation.\" >&2\n    exit 1\nfi\n# This output is used by Xcode 'outputs' to avoid re-running this script phase.\necho \"SUCCESS\" > \"${SCRIPT_OUTPUT_FILE_0}\"\n";
			showEnvVarsInLog = 0;
		};
		FC665356C00A38A9CB987A69 /* [CP] Check Pods Manifest.lock */ = {
			isa = PBXShellScriptBuildPhase;
			buildActionMask = 2147483647;
			files = (
			);
			inputPaths = (
				"${PODS_PODFILE_DIR_PATH}/Podfile.lock",
				"${PODS_ROOT}/Manifest.lock",
			);
			name = "[CP] Check Pods Manifest.lock";
			outputPaths = (
				"$(DERIVED_FILE_DIR)/Pods-JHTagListView_Example-checkManifestLockResult.txt",
			);
			runOnlyForDeploymentPostprocessing = 0;
			shellPath = /bin/sh;
			shellScript = "diff \"${PODS_PODFILE_DIR_PATH}/Podfile.lock\" \"${PODS_ROOT}/Manifest.lock\" > /dev/null\nif [ $? != 0 ] ; then\n    # print error to STDERR\n    echo \"error: The sandbox is not in sync with the Podfile.lock. Run 'pod install' or update your CocoaPods installation.\" >&2\n    exit 1\nfi\n# This output is used by Xcode 'outputs' to avoid re-running this script phase.\necho \"SUCCESS\" > \"${SCRIPT_OUTPUT_FILE_0}\"\n";
			showEnvVarsInLog = 0;
		};
/* End PBXShellScriptBuildPhase section */

/* Begin PBXSourcesBuildPhase section */
		6003F586195388D20070C39A /* Sources */ = {
			isa = PBXSourcesBuildPhase;
			buildActionMask = 2147483647;
			files = (
				05C572152147D24C00B7068B /* JHGroupItem.m in Sources */,
				05C572232147D24C00B7068B /* YZTagList.m in Sources */,
				05C572512147D5D100B7068B /* FilterPatrolSearchBar.m in Sources */,
				05C572222147D24C00B7068B /* YZTagButton.m in Sources */,
				052C5CA82148FC4600A31B24 /* JHTagCenterViewController.m in Sources */,
				052C5CA42148E46700A31B24 /* CommonModel.m in Sources */,
				052C5CAE2149283B00A31B24 /* JHTagCellModel.m in Sources */,
				05DA4818214A3D300042A8F9 /* JHFilterStoreTypeCell.m in Sources */,
				6003F59E195388D20070C39A /* JHAppDelegate.m in Sources */,
				05DA481E214A6EB10042A8F9 /* DateAlertPickerController.m in Sources */,
				052C5CB021492D0300A31B24 /* DaiBanCellModel.m in Sources */,
				052C5CAB21491BFC00A31B24 /* JHTagBaseViewController.m in Sources */,
				05C5721E2147D24C00B7068B /* YZTagCell.m in Sources */,
				05C572172147D24C00B7068B /* JHTagItem.m in Sources */,
				052C5CA32148E06900A31B24 /* DaiBanViewController.m in Sources */,
				05C572202147D24C00B7068B /* YZTagGroupCell.m in Sources */,
				6003F5A7195388D20070C39A /* JHViewController.m in Sources */,
				05C572192147D24C00B7068B /* YZTagGroupItem.m in Sources */,
				05586FAF214B6B4F00C951C6 /* UIColor+HexString.m in Sources */,
				05C5721A2147D24C00B7068B /* YZTagItem.m in Sources */,
				05C572262147D28100B7068B /* JHTagListView.m in Sources */,
				05C5721D2147D24C00B7068B /* YZHobbyCell.m in Sources */,
				05DA481B214A4E7B0042A8F9 /* JHFilterPatrolTimeCell.m in Sources */,
				05C5721B2147D24C00B7068B /* YZGroupHeaderView.m in Sources */,
				05C572452147D5D100B7068B /* HistoryRecordViewController.m in Sources */,
				05586FA8214B64B900C951C6 /* JHFilterTagList.m in Sources */,
				6003F59A195388D20070C39A /* main.m in Sources */,
				05586FAC214B64F100C951C6 /* JHTagModel.m in Sources */,
				05C572162147D24C00B7068B /* JHTagGroupItem.m in Sources */,
				05C572522147D9FB00B7068B /* ReqFilterStoreModel.m in Sources */,
				05C572502147D5D100B7068B /* DaiBanCellView.m in Sources */,
				05C572182147D24C00B7068B /* YZGroupItem.m in Sources */,
			);
			runOnlyForDeploymentPostprocessing = 0;
		};
		6003F5AA195388D20070C39A /* Sources */ = {
			isa = PBXSourcesBuildPhase;
			buildActionMask = 2147483647;
			files = (
				6003F5BC195388D20070C39A /* Tests.m in Sources */,
			);
			runOnlyForDeploymentPostprocessing = 0;
		};
/* End PBXSourcesBuildPhase section */

/* Begin PBXTargetDependency section */
		6003F5B4195388D20070C39A /* PBXTargetDependency */ = {
			isa = PBXTargetDependency;
			target = 6003F589195388D20070C39A /* JHTagListView_Example */;
			targetProxy = 6003F5B3195388D20070C39A /* PBXContainerItemProxy */;
		};
/* End PBXTargetDependency section */

/* Begin PBXVariantGroup section */
		6003F596195388D20070C39A /* InfoPlist.strings */ = {
			isa = PBXVariantGroup;
			children = (
				6003F597195388D20070C39A /* en */,
			);
			name = InfoPlist.strings;
			sourceTree = "<group>";
		};
		6003F5B8195388D20070C39A /* InfoPlist.strings */ = {
			isa = PBXVariantGroup;
			children = (
				6003F5B9195388D20070C39A /* en */,
			);
			name = InfoPlist.strings;
			sourceTree = "<group>";
		};
		71719F9D1E33DC2100824A3D /* LaunchScreen.storyboard */ = {
			isa = PBXVariantGroup;
			children = (
				71719F9E1E33DC2100824A3D /* Base */,
			);
			name = LaunchScreen.storyboard;
			sourceTree = "<group>";
		};
/* End PBXVariantGroup section */

/* Begin XCBuildConfiguration section */
		6003F5BD195388D20070C39A /* Debug */ = {
			isa = XCBuildConfiguration;
			buildSettings = {
				ALWAYS_SEARCH_USER_PATHS = NO;
				CLANG_CXX_LANGUAGE_STANDARD = "gnu++0x";
				CLANG_CXX_LIBRARY = "libc++";
				CLANG_ENABLE_MODULES = YES;
				CLANG_ENABLE_OBJC_ARC = YES;
				CLANG_WARN_BOOL_CONVERSION = YES;
				CLANG_WARN_CONSTANT_CONVERSION = YES;
				CLANG_WARN_DIRECT_OBJC_ISA_USAGE = YES_ERROR;
				CLANG_WARN_EMPTY_BODY = YES;
				CLANG_WARN_ENUM_CONVERSION = YES;
				CLANG_WARN_INT_CONVERSION = YES;
				CLANG_WARN_OBJC_ROOT_CLASS = YES_ERROR;
				CLANG_WARN__DUPLICATE_METHOD_MATCH = YES;
				"CODE_SIGN_IDENTITY[sdk=iphoneos*]" = "iPhone Developer";
				COPY_PHASE_STRIP = NO;
				ENABLE_TESTABILITY = YES;
				GCC_C_LANGUAGE_STANDARD = gnu99;
				GCC_DYNAMIC_NO_PIC = NO;
				GCC_OPTIMIZATION_LEVEL = 0;
				GCC_PREPROCESSOR_DEFINITIONS = (
					"DEBUG=1",
					"$(inherited)",
				);
				GCC_SYMBOLS_PRIVATE_EXTERN = NO;
				GCC_WARN_64_TO_32_BIT_CONVERSION = YES;
				GCC_WARN_ABOUT_RETURN_TYPE = YES_ERROR;
				GCC_WARN_UNDECLARED_SELECTOR = YES;
				GCC_WARN_UNINITIALIZED_AUTOS = YES_AGGRESSIVE;
				GCC_WARN_UNUSED_FUNCTION = YES;
				GCC_WARN_UNUSED_VARIABLE = YES;
				IPHONEOS_DEPLOYMENT_TARGET = 9.3;
				ONLY_ACTIVE_ARCH = YES;
				SDKROOT = iphoneos;
				TARGETED_DEVICE_FAMILY = "1,2";
			};
			name = Debug;
		};
		6003F5BE195388D20070C39A /* Release */ = {
			isa = XCBuildConfiguration;
			buildSettings = {
				ALWAYS_SEARCH_USER_PATHS = NO;
				CLANG_CXX_LANGUAGE_STANDARD = "gnu++0x";
				CLANG_CXX_LIBRARY = "libc++";
				CLANG_ENABLE_MODULES = YES;
				CLANG_ENABLE_OBJC_ARC = YES;
				CLANG_WARN_BOOL_CONVERSION = YES;
				CLANG_WARN_CONSTANT_CONVERSION = YES;
				CLANG_WARN_DIRECT_OBJC_ISA_USAGE = YES_ERROR;
				CLANG_WARN_EMPTY_BODY = YES;
				CLANG_WARN_ENUM_CONVERSION = YES;
				CLANG_WARN_INT_CONVERSION = YES;
				CLANG_WARN_OBJC_ROOT_CLASS = YES_ERROR;
				CLANG_WARN__DUPLICATE_METHOD_MATCH = YES;
				"CODE_SIGN_IDENTITY[sdk=iphoneos*]" = "iPhone Developer";
				COPY_PHASE_STRIP = YES;
				ENABLE_NS_ASSERTIONS = NO;
				GCC_C_LANGUAGE_STANDARD = gnu99;
				GCC_WARN_64_TO_32_BIT_CONVERSION = YES;
				GCC_WARN_ABOUT_RETURN_TYPE = YES_ERROR;
				GCC_WARN_UNDECLARED_SELECTOR = YES;
				GCC_WARN_UNINITIALIZED_AUTOS = YES_AGGRESSIVE;
				GCC_WARN_UNUSED_FUNCTION = YES;
				GCC_WARN_UNUSED_VARIABLE = YES;
				IPHONEOS_DEPLOYMENT_TARGET = 9.3;
				SDKROOT = iphoneos;
				TARGETED_DEVICE_FAMILY = "1,2";
				VALIDATE_PRODUCT = YES;
			};
			name = Release;
		};
		6003F5C0195388D20070C39A /* Debug */ = {
			isa = XCBuildConfiguration;
			baseConfigurationReference = EE09CCC4EADF619BE4CE2DF1 /* Pods-JHTagListView_Example.debug.xcconfig */;
			buildSettings = {
				ASSETCATALOG_COMPILER_APPICON_NAME = AppIcon;
				DEVELOPMENT_TEAM = 9CA5KUE8T7;
				GCC_PRECOMPILE_PREFIX_HEADER = YES;
				GCC_PREFIX_HEADER = "JHTagListView/JHTagListView-Prefix.pch";
				INFOPLIST_FILE = "JHTagListView/JHTagListView-Info.plist";
				MODULE_NAME = ExampleApp;
				PRODUCT_BUNDLE_IDENTIFIER = "org.cocoapods.demo.${PRODUCT_NAME:rfc1034identifier}";
				PRODUCT_NAME = "$(TARGET_NAME)";
				WRAPPER_EXTENSION = app;
			};
			name = Debug;
		};
		6003F5C1195388D20070C39A /* Release */ = {
			isa = XCBuildConfiguration;
			baseConfigurationReference = 69E5B0DE1864A23F94F84C91 /* Pods-JHTagListView_Example.release.xcconfig */;
			buildSettings = {
				ASSETCATALOG_COMPILER_APPICON_NAME = AppIcon;
				DEVELOPMENT_TEAM = 9CA5KUE8T7;
				GCC_PRECOMPILE_PREFIX_HEADER = YES;
				GCC_PREFIX_HEADER = "JHTagListView/JHTagListView-Prefix.pch";
				INFOPLIST_FILE = "JHTagListView/JHTagListView-Info.plist";
				MODULE_NAME = ExampleApp;
				PRODUCT_BUNDLE_IDENTIFIER = "org.cocoapods.demo.${PRODUCT_NAME:rfc1034identifier}";
				PRODUCT_NAME = "$(TARGET_NAME)";
				WRAPPER_EXTENSION = app;
			};
			name = Release;
		};
		6003F5C3195388D20070C39A /* Debug */ = {
			isa = XCBuildConfiguration;
			baseConfigurationReference = BD4F88A739C03DB5B58CEFCA /* Pods-JHTagListView_Tests.debug.xcconfig */;
			buildSettings = {
				BUNDLE_LOADER = "$(TEST_HOST)";
				FRAMEWORK_SEARCH_PATHS = (
					"$(SDKROOT)/Developer/Library/Frameworks",
					"$(inherited)",
					"$(DEVELOPER_FRAMEWORKS_DIR)",
				);
				GCC_PRECOMPILE_PREFIX_HEADER = YES;
				GCC_PREFIX_HEADER = "Tests/Tests-Prefix.pch";
				GCC_PREPROCESSOR_DEFINITIONS = (
					"DEBUG=1",
					"$(inherited)",
				);
				INFOPLIST_FILE = "Tests/Tests-Info.plist";
				PRODUCT_BUNDLE_IDENTIFIER = "org.cocoapods.demo.${PRODUCT_NAME:rfc1034identifier}";
				PRODUCT_NAME = "$(TARGET_NAME)";
				TEST_HOST = "$(BUILT_PRODUCTS_DIR)/JHTagListView_Example.app/JHTagListView_Example";
				WRAPPER_EXTENSION = xctest;
			};
			name = Debug;
		};
		6003F5C4195388D20070C39A /* Release */ = {
			isa = XCBuildConfiguration;
			baseConfigurationReference = 634E07586A3D0969D82D5291 /* Pods-JHTagListView_Tests.release.xcconfig */;
			buildSettings = {
				BUNDLE_LOADER = "$(TEST_HOST)";
				FRAMEWORK_SEARCH_PATHS = (
					"$(SDKROOT)/Developer/Library/Frameworks",
					"$(inherited)",
					"$(DEVELOPER_FRAMEWORKS_DIR)",
				);
				GCC_PRECOMPILE_PREFIX_HEADER = YES;
				GCC_PREFIX_HEADER = "Tests/Tests-Prefix.pch";
				INFOPLIST_FILE = "Tests/Tests-Info.plist";
				PRODUCT_BUNDLE_IDENTIFIER = "org.cocoapods.demo.${PRODUCT_NAME:rfc1034identifier}";
				PRODUCT_NAME = "$(TARGET_NAME)";
				TEST_HOST = "$(BUILT_PRODUCTS_DIR)/JHTagListView_Example.app/JHTagListView_Example";
				WRAPPER_EXTENSION = xctest;
			};
			name = Release;
		};
/* End XCBuildConfiguration section */

/* Begin XCConfigurationList section */
		6003F585195388D10070C39A /* Build configuration list for PBXProject "JHTagListView" */ = {
			isa = XCConfigurationList;
			buildConfigurations = (
				6003F5BD195388D20070C39A /* Debug */,
				6003F5BE195388D20070C39A /* Release */,
			);
			defaultConfigurationIsVisible = 0;
			defaultConfigurationName = Release;
		};
		6003F5BF195388D20070C39A /* Build configuration list for PBXNativeTarget "JHTagListView_Example" */ = {
			isa = XCConfigurationList;
			buildConfigurations = (
				6003F5C0195388D20070C39A /* Debug */,
				6003F5C1195388D20070C39A /* Release */,
			);
			defaultConfigurationIsVisible = 0;
			defaultConfigurationName = Release;
		};
		6003F5C2195388D20070C39A /* Build configuration list for PBXNativeTarget "JHTagListView_Tests" */ = {
			isa = XCConfigurationList;
			buildConfigurations = (
				6003F5C3195388D20070C39A /* Debug */,
				6003F5C4195388D20070C39A /* Release */,
			);
			defaultConfigurationIsVisible = 0;
			defaultConfigurationName = Release;
		};
/* End XCConfigurationList section */
	};
	rootObject = 6003F582195388D10070C39A /* Project object */;
}
